
Microsoft Visual Studio Solution File, Format Version 12.00
Project("{FAE04EC0-301F-11D3-BF4B-00C04F79EFBC}") = "Shapes", "Shapes\Shapes.csproj", "{9FAA5ED9-C87D-46AE-AD38-6C6C574E0F71}"
EndProject
Project("{FAE04EC0-301F-11D3-BF4B-00C04F79EFBC}") = "Shapes.Tests", "Shapes.Tests\Shapes.Tests.csproj", "{407252DF-02AB-485D-A677-3A36A0A9D359}"
EndProject
Global
	GlobalSection(SolutionConfigurationPlatforms) = preSolution
		Debug|Any CPU = Debug|Any CPU
		Release|Any CPU = Release|Any CPU
	EndGlobalSection
	GlobalSection(ProjectConfigurationPlatforms) = postSolution
		{9FAA5ED9-C87D-46AE-AD38-6C6C574E0F71}.Debug|Any CPU.ActiveCfg = Debug|Any CPU
		{9FAA5ED9-C87D-46AE-AD38-6C6C574E0F71}.Debug|Any CPU.Build.0 = Debug|Any CPU
		{9FAA5ED9-C87D-46AE-AD38-6C6C574E0F71}.Release|Any CPU.ActiveCfg = Release|Any CPU
		{9FAA5ED9-C87D-46AE-AD38-6C6C574E0F71}.Release|Any CPU.Build.0 = Release|Any CPU
		{407252DF-02AB-485D-A677-3A36A0A9D359}.Debug|Any CPU.ActiveCfg = Debug|Any CPU
		{407252DF-02AB-485D-A677-3A36A0A9D359}.Debug|Any CPU.Build.0 = Debug|Any CPU
		{407252DF-02AB-485D-A677-3A36A0A9D359}.Release|Any CPU.ActiveCfg = Release|Any CPU
		{407252DF-02AB-485D-A677-3A36A0A9D359}.Release|Any CPU.Build.0 = Release|Any CPU
	EndGlobalSection
EndGlobal
